
Microsoft Visual Studio Solution File, Format Version 12.00
# Visual Studio Version 17
VisualStudioVersion = 17.2.32630.192
MinimumVisualStudioVersion = 10.0.40219.1
Project("{FAE04EC0-301F-11D3-BF4B-00C04F79EFBC}") = "InventoryManagementSystem4", "InventoryManagementSystem4\InventoryManagementSystem4.csproj", "{F3286D0C-5E3D-47F9-A5B6-2BC07240D4EE}"
EndProject
Global
	GlobalSection(SolutionConfigurationPlatforms) = preSolution
		Debug|Any CPU = Debug|Any CPU
		Release|Any CPU = Release|Any CPU
	EndGlobalSection
	GlobalSection(ProjectConfigurationPlatforms) = postSolution
		{F3286D0C-5E3D-47F9-A5B6-2BC07240D4EE}.Debug|Any CPU.ActiveCfg = Debug|Any CPU
		{F3286D0C-5E3D-47F9-A5B6-2BC07240D4EE}.Debug|Any CPU.Build.0 = Debug|Any CPU
		{F3286D0C-5E3D-47F9-A5B6-2BC07240D4EE}.Release|Any CPU.ActiveCfg = Release|Any CPU
		{F3286D0C-5E3D-47F9-A5B6-2BC07240D4EE}.Release|Any CPU.Build.0 = Release|Any CPU
	EndGlobalSection
	GlobalSection(SolutionProperties) = preSolution
		HideSolutionNode = FALSE
	EndGlobalSection
	GlobalSection(ExtensibilityGlobals) = postSolution
		SolutionGuid = {14B98693-C4C8-4AEF-BC95-325612FF3D6F}
	EndGlobalSection
EndGlobal
